{
    "_readme": [
        "This file locks the dependencies of your project to a known state",
        "Read more about it at https://getcomposer.org/doc/01-basic-usage.md#installing-dependencies",
        "This file is @generated automatically"
    ],
    "content-hash": "5127821725e75161c8352bf6f6ae8e48",
    "packages": [
        {
            "name": "wol-soft/php-json-schema-model-generator-production",
            "version": "0.17.0",
            "source": {
                "type": "git",
                "url": "https://github.com/wol-soft/php-json-schema-model-generator-production.git",
                "reference": "629faf35bcb2c5026cf550bb380272aaf2a2cd76"
            },
            "dist": {
                "type": "zip",
                "url": "https://api.github.com/repos/wol-soft/php-json-schema-model-generator-production/zipball/629faf35bcb2c5026cf550bb380272aaf2a2cd76",
                "reference": "629faf35bcb2c5026cf550bb380272aaf2a2cd76",
                "shasum": ""
            },
            "require": {
                "ext-json": "*",
                "php": ">=7.2"
            },
            "require-dev": {
                "phpunit/phpunit": "^8.0"
            },
            "type": "library",
            "autoload": {
                "psr-4": {
                    "PHPModelGenerator\\": "src"
                }
            },
            "notification-url": "https://packagist.org/downloads/",
            "license": [
                "MIT"
            ],
            "authors": [
                {
                    "name": "Enno Woortmann",
                    "email": "enno.woortmann@web.de"
                }
            ],
            "description": "Provides the production code required to use php-json-schema-model-generator as dev dependency",
            "homepage": "https://github.com/wol-soft/php-json-schema-model-generator-production",
            "time": "2021-07-08T14:02:32+00:00"
        }
    ],
    "packages-dev": [
        {
            "name": "wol-soft/php-json-schema-model-generator",
            "version": "0.21.7",
            "source": {
                "type": "git",
                "url": "https://github.com/wol-soft/php-json-schema-model-generator.git",
                "reference": "fc2c89891bd5ef3b40b2ecc871c656780aeb103e"
            },
            "dist": {
                "type": "zip",
                "url": "https://api.github.com/repos/wol-soft/php-json-schema-model-generator/zipball/fc2c89891bd5ef3b40b2ecc871c656780aeb103e",
                "reference": "fc2c89891bd5ef3b40b2ecc871c656780aeb103e",
                "shasum": ""
            },
            "require": {
                "ext-json": "*",
                "ext-mbstring": "*",
                "php": ">=7.2",
                "wol-soft/php-json-schema-model-generator-production": "^0.17.0",
                "wol-soft/php-micro-template": "^1.3.2"
            },
            "require-dev": {
                "phpunit/phpunit": "^8.5 || ^9.4"
            },
            "type": "library",
            "autoload": {
                "psr-4": {
                    "PHPModelGenerator\\": "src"
                }
            },
            "notification-url": "https://packagist.org/downloads/",
            "license": [
                "MIT"
            ],
            "authors": [
                {
                    "name": "Enno Woortmann",
                    "email": "enno.woortmann@web.de"
                }
            ],
            "description": "Creates (immutable) PHP model classes from JSON-Schema files including all validation rules as PHP code",
            "homepage": "https://github.com/wol-soft/php-json-schema-model-generator",
            "time": "2021-10-26T14:10:28+00:00"
        },
        {
            "name": "wol-soft/php-micro-template",
            "version": "1.6.0",
            "source": {
                "type": "git",
                "url": "https://github.com/wol-soft/php-micro-template.git",
                "reference": "21ad8ac11173062a5644be7d0c9235eaa664fa6a"
            },
            "dist": {
                "type": "zip",
                "url": "https://api.github.com/repos/wol-soft/php-micro-template/zipball/21ad8ac11173062a5644be7d0c9235eaa664fa6a",
                "reference": "21ad8ac11173062a5644be7d0c9235eaa664fa6a",
                "shasum": ""
            },
            "require": {
                "php": ">=7.1"
            },
            "require-dev": {
                "phpunit/phpunit": "^7.5 || ^8.5 || ^9.4"
            },
            "type": "library",
            "autoload": {
                "psr-4": {
                    "PHPMicroTemplate\\": "src"
                }
            },
            "notification-url": "https://packagist.org/downloads/",
            "license": [
                "MIT"
            ],
            "authors": [
                {
                    "name": "Enno Woortmann",
                    "email": "enno.woortmann@web.de"
                }
            ],
            "description": "A minimalistic templating engine for PHP",
            "homepage": "https://github.com/wol-soft/php-micro-template",
            "time": "2021-11-08T11:44:14+00:00"
        }
    ],
    "aliases": [],
    "minimum-stability": "stable",
    "stability-flags": [],
    "prefer-stable": false,
    "prefer-lowest": false,
    "platform": [],
    "platform-dev": []
}
